
Microsoft Visual Studio Solution File, Format Version 12.00
# Visual Studio Version 17
VisualStudioVersion = 17.1.32210.238
MinimumVisualStudioVersion = 10.0.40219.1
Project("{FAE04EC0-301F-11D3-BF4B-00C04F79EFBC}") = "Problem_A_Samoloty", "Problem_A_Samoloty.csproj", "{A8CDF3AC-2428-4CCB-9247-78883C557AA0}"
EndProject
Global
	GlobalSection(SolutionConfigurationPlatforms) = preSolution
		Debug|Any CPU = Debug|Any CPU
		Release|Any CPU = Release|Any CPU
	EndGlobalSection
	GlobalSection(ProjectConfigurationPlatforms) = postSolution
		{A8CDF3AC-2428-4CCB-9247-78883C557AA0}.Debug|Any CPU.ActiveCfg = Debug|Any CPU
		{A8CDF3AC-2428-4CCB-9247-78883C557AA0}.Debug|Any CPU.Build.0 = Debug|Any CPU
		{A8CDF3AC-2428-4CCB-9247-78883C557AA0}.Release|Any CPU.ActiveCfg = Release|Any CPU
		{A8CDF3AC-2428-4CCB-9247-78883C557AA0}.Release|Any CPU.Build.0 = Release|Any CPU
	EndGlobalSection
	GlobalSection(SolutionProperties) = preSolution
		HideSolutionNode = FALSE
	EndGlobalSection
	GlobalSection(ExtensibilityGlobals) = postSolution
		SolutionGuid = {6EEEDBA0-B4A4-4517-93D9-B57B49DC0C58}
	EndGlobalSection
EndGlobal
